{
  "name": "dart-decimate",
  "version": "0.0.15",
  "lockfileVersion": 3,
  "requires": true,
  "packages": {
    "": {
      "name": "dart-decimate",
      "version": "0.0.15",
      "hasInstallScript": true,
      "license": "MIT",
      "bin": {
        "dart-decimate": "npm/bin/dart-decimate.js",
        "dart-decimate-mcp": "npm/bin/dart-decimate-mcp.js"
      },
      "devDependencies": {
        "fallow": "3.4.2",
        "oxlint": "1.15.0",
        "prettier": "3.9.5"
      },
      "engines": {
        "node": ">=18"
      }
    },
    "node_modules/@fallow-cli/darwin-arm64": {
      "version": "3.4.2",
      "resolved": "https://registry.npmjs.org/@fallow-cli/darwin-arm64/-/darwin-arm64-3.4.2.tgz",
      "integrity": "sha512-6DFe/JzATrNrnZyIKXNcxl1/nfQm5yqg3kVomww6aoEL+v6/Jm955J8pdSBsc69G59EGoAcsvxcz3uj66kp+rw==",
      "cpu": [
        "arm64"
      ],
      "dev": true,
      "license": "MIT",
      "optional": true,
      "os": [
        "darwin"
      ]
    },
    "node_modules/@fallow-cli/darwin-x64": {
      "version": "3.4.2",
      "resolved": "https://registry.npmjs.org/@fallow-cli/darwin-x64/-/darwin-x64-3.4.2.tgz",
      "integrity": "sha512-6sILz44YD73x+tXl/w664L4T+KjAUNT9gIj19OqfLkyuRAPtpAJon/V4DU9pzMPPPYF13P1CMDy4QsTkHRhEZA==",
      "cpu": [
        "x64"
      ],
      "dev": true,
      "license": "MIT",
      "optional": true,
      "os": [
        "darwin"
      ]
    },
    "node_modules/@fallow-cli/linux-arm64-gnu": {
      "version": "3.4.2",
      "resolved": "https://registry.npmjs.org/@fallow-cli/linux-arm64-gnu/-/linux-arm64-gnu-3.4.2.tgz",
      "integrity": "sha512-sMIMJcOU/WvtZuF7M3GyTOUmS1tFBy2KGsx5SDowcv8uCXZbbd4YRZr1yVsC+qpimzOmtLt0zTKs3G3R/wR7RA==",
      "cpu": [
        "arm64"
      ],
      "dev": true,
      "license": "MIT",
      "optional": true,
      "os": [
        "linux"
      ]
    },
    "node_modules/@fallow-cli/linux-arm64-musl": {
      "version": "3.4.2",
      "resolved": "https://registry.npmjs.org/@fallow-cli/linux-arm64-musl/-/linux-arm64-musl-3.4.2.tgz",
      "integrity": "sha512-38GbTbpVbwbplCeFgKLx8uIYMlGtqSSfKk+ZUyXX4E6JoXCLyFzz11AJjNRg+QSP/fobD7jk0Z++gILvljPczw==",
      "cpu": [
        "arm64"
      ],
      "dev": true,
      "license": "MIT",
      "optional": true,
      "os": [
        "linux"
      ]
    },
    "node_modules/@fallow-cli/linux-x64-gnu": {
      "version": "3.4.2",
      "resolved": "https://registry.npmjs.org/@fallow-cli/linux-x64-gnu/-/linux-x64-gnu-3.4.2.tgz",
      "integrity": "sha512-d7IGOZbn9tf2EcICPt+XLQXWaPfzo62gHqlQyAXLimay8PvaVDKXGeNjMJBXJCceKAU+zeBdIdbyea9pFOuSWg==",
      "cpu": [
        "x64"
      ],
      "dev": true,
      "license": "MIT",
      "optional": true,
      "os": [
        "linux"
      ]
    },
    "node_modules/@fallow-cli/linux-x64-musl": {
      "version": "3.4.2",
      "resolved": "https://registry.npmjs.org/@fallow-cli/linux-x64-musl/-/linux-x64-musl-3.4.2.tgz",
      "integrity": "sha512-98TG142inap3rNA0DdsLJ/VPXAeQ+yXZjXQtGQ2R3JTTGP/eIDBpPv0CKgciusKRo54xeweYkHtSfVNHo3Werg==",
      "cpu": [
        "x64"
      ],
      "dev": true,
      "license": "MIT",
      "optional": true,
      "os": [
        "linux"
      ]
    },
    "node_modules/@fallow-cli/win32-arm64-msvc": {
      "version": "3.4.2",
      "resolved": "https://registry.npmjs.org/@fallow-cli/win32-arm64-msvc/-/win32-arm64-msvc-3.4.2.tgz",
      "integrity": "sha512-5U7fmUdgC2S1Exsv4IbG9VMuzOIS2E9TS594qOeiYfVTx12bqFnqoxC9+gX3ThkVQdekkXaJeGZqJC3StGJ/kQ==",
      "cpu": [
        "arm64"
      ],
      "dev": true,
      "license": "MIT",
      "optional": true,
      "os": [
        "win32"
      ]
    },
    "node_modules/@fallow-cli/win32-x64-msvc": {
      "version": "3.4.2",
      "resolved": "https://registry.npmjs.org/@fallow-cli/win32-x64-msvc/-/win32-x64-msvc-3.4.2.tgz",
      "integrity": "sha512-qfUhAmvLIdfPyGSO3F9SIJOWTYRAqboApIe73gpR/CFIFsq3CPT3ovEMlFzw8YosaC7zwymxTOq5Vslx38Gd9A==",
      "cpu": [
        "x64"
      ],
      "dev": true,
      "license": "MIT",
      "optional": true,
      "os": [
        "win32"
      ]
    },
    "node_modules/@oxlint/darwin-arm64": {
      "version": "1.15.0",
      "resolved": "https://registry.npmjs.org/@oxlint/darwin-arm64/-/darwin-arm64-1.15.0.tgz",
      "integrity": "sha512-fwYg7WDKI6eAErREBGMXkIAOqBuBFN0LWbQJvVNXCGjywGxsisdwkHnNu4UG8IpHo4P71mUxf3l2xm+5Xiy+TA==",
      "cpu": [
        "arm64"
      ],
      "dev": true,
      "license": "MIT",
      "optional": true,
      "os": [
        "darwin"
      ]
    },
    "node_modules/@oxlint/darwin-x64": {
      "version": "1.15.0",
      "resolved": "https://registry.npmjs.org/@oxlint/darwin-x64/-/darwin-x64-1.15.0.tgz",
      "integrity": "sha512-RtaAmB6NZZx4hvjCg6w35shzRY5fLclbMsToC92MTZ9lMDF9LotzcbyNHCZ1tvZb1tNPObpIsuX16BFeElF8nw==",
      "cpu": [
        "x64"
      ],
      "dev": true,
      "license": "MIT",
      "optional": true,
      "os": [
        "darwin"
      ]
    },
    "node_modules/@oxlint/linux-arm64-gnu": {
      "version": "1.15.0",
      "resolved": "https://registry.npmjs.org/@oxlint/linux-arm64-gnu/-/linux-arm64-gnu-1.15.0.tgz",
      "integrity": "sha512-8uV0lAbmqp93KTBlJWyCdQWuxTzLn+QrDRidUaCLJjn65uvv8KlRhZJoZoyLh17X6U/cgezYktWTMiMhxX56BA==",
      "cpu": [
        "arm64"
      ],
      "dev": true,
      "libc": [
        "glibc"
      ],
      "license": "MIT",
      "optional": true,
      "os": [
        "linux"
      ]
    },
    "node_modules/@oxlint/linux-arm64-musl": {
      "version": "1.15.0",
      "resolved": "https://registry.npmjs.org/@oxlint/linux-arm64-musl/-/linux-arm64-musl-1.15.0.tgz",
      "integrity": "sha512-/+hTqh1J29+2GitKrWUHIYjQBM1szWSJ1U7OzQlgL+Uvf8jxg4sn1nV79LcPMXhC2t8lZy5EOXOgwIh92DsdhQ==",
      "cpu": [
        "arm64"
      ],
      "dev": true,
      "libc": [
        "musl"
      ],
      "license": "MIT",
      "optional": true,
      "os": [
        "linux"
      ]
    },
    "node_modules/@oxlint/linux-x64-gnu": {
      "version": "1.15.0",
      "resolved": "https://registry.npmjs.org/@oxlint/linux-x64-gnu/-/linux-x64-gnu-1.15.0.tgz",
      "integrity": "sha512-GzeY3AhUd49yV+/76Gw0pjpwUJwxCkwYAJTNe7fFTdWjEQ6M6g8ZzJg5FKtUvgA5sMgmfzHhvSXxvT57YhcXnA==",
      "cpu": [
        "x64"
      ],
      "dev": true,
      "libc": [
        "glibc"
      ],
      "license": "MIT",
      "optional": true,
      "os": [
        "linux"
      ]
    },
    "node_modules/@oxlint/linux-x64-musl": {
      "version": "1.15.0",
      "resolved": "https://registry.npmjs.org/@oxlint/linux-x64-musl/-/linux-x64-musl-1.15.0.tgz",
      "integrity": "sha512-p/7+juizUOCpGYreFmdfmIOSSSE3+JfsgnXnOHuP8mqlZfiOeXyevyajuXpPNRM60+k0reGvlV7ezp1iFitF7w==",
      "cpu": [
        "x64"
      ],
      "dev": true,
      "libc": [
        "musl"
      ],
      "license": "MIT",
      "optional": true,
      "os": [
        "linux"
      ]
    },
    "node_modules/@oxlint/win32-arm64": {
      "version": "1.15.0",
      "resolved": "https://registry.npmjs.org/@oxlint/win32-arm64/-/win32-arm64-1.15.0.tgz",
      "integrity": "sha512-2LaDLOtCMq+lzIQ63Eir3UJV/hQNlw01xtsij2L8sSxt4gA+zWvubOQJQIOPGMDxEKFcWT1lo/6YEXX/sNnZDA==",
      "cpu": [
        "arm64"
      ],
      "dev": true,
      "license": "MIT",
      "optional": true,
      "os": [
        "win32"
      ]
    },
    "node_modules/@oxlint/win32-x64": {
      "version": "1.15.0",
      "resolved": "https://registry.npmjs.org/@oxlint/win32-x64/-/win32-x64-1.15.0.tgz",
      "integrity": "sha512-+jgRPpZrFIcrNxCVsDIy6HVCRpKVDN0DHD8VJodjrsDv6heqhq/qCTa2IXY3R4glWe1nWQ5JgdFKLn3Bl+aLNg==",
      "cpu": [
        "x64"
      ],
      "dev": true,
      "license": "MIT",
      "optional": true,
      "os": [
        "win32"
      ]
    },
    "node_modules/detect-libc": {
      "version": "2.1.2",
      "resolved": "https://registry.npmjs.org/detect-libc/-/detect-libc-2.1.2.tgz",
      "integrity": "sha512-Btj2BOOO83o3WyH59e8MgXsxEQVcarkUOpEYrubB0urwnN10yQ364rsiByU11nZlqWYZm05i/of7io4mzihBtQ==",
      "dev": true,
      "license": "Apache-2.0",
      "engines": {
        "node": ">=8"
      }
    },
    "node_modules/fallow": {
      "version": "3.4.2",
      "resolved": "https://registry.npmjs.org/fallow/-/fallow-3.4.2.tgz",
      "integrity": "sha512-ufxwwtszht6bODr3rTZfD3FV94qIkSGIykKrtogWxayGAcmCnjTN1iH+58NjKsbPKOTKeNR1sFrOnIP8/Odz+g==",
      "dev": true,
      "license": "MIT",
      "dependencies": {
        "detect-libc": "2.1.2"
      },
      "bin": {
        "fallow": "bin/fallow",
        "fallow-lsp": "bin/fallow-lsp",
        "fallow-mcp": "bin/fallow-mcp"
      },
      "engines": {
        "node": ">=22"
      },
      "optionalDependencies": {
        "@fallow-cli/darwin-arm64": "3.4.2",
        "@fallow-cli/darwin-x64": "3.4.2",
        "@fallow-cli/linux-arm64-gnu": "3.4.2",
        "@fallow-cli/linux-arm64-musl": "3.4.2",
        "@fallow-cli/linux-x64-gnu": "3.4.2",
        "@fallow-cli/linux-x64-musl": "3.4.2",
        "@fallow-cli/win32-arm64-msvc": "3.4.2",
        "@fallow-cli/win32-x64-msvc": "3.4.2"
      }
    },
    "node_modules/oxlint": {
      "version": "1.15.0",
      "resolved": "https://registry.npmjs.org/oxlint/-/oxlint-1.15.0.tgz",
      "integrity": "sha512-GZngkdF2FabM0pp0/l5OOhIQg+9L6LmOrmS8V8Vg+Swv9/VLJd/oc/LtAkv4HO45BNWL3EVaXzswI0CmGokVzw==",
      "dev": true,
      "license": "MIT",
      "bin": {
        "oxc_language_server": "bin/oxc_language_server",
        "oxlint": "bin/oxlint"
      },
      "engines": {
        "node": ">=8.*"
      },
      "funding": {
        "url": "https://github.com/sponsors/Boshen"
      },
      "optionalDependencies": {
        "@oxlint/darwin-arm64": "1.15.0",
        "@oxlint/darwin-x64": "1.15.0",
        "@oxlint/linux-arm64-gnu": "1.15.0",
        "@oxlint/linux-arm64-musl": "1.15.0",
        "@oxlint/linux-x64-gnu": "1.15.0",
        "@oxlint/linux-x64-musl": "1.15.0",
        "@oxlint/win32-arm64": "1.15.0",
        "@oxlint/win32-x64": "1.15.0"
      },
      "peerDependencies": {
        "oxlint-tsgolint": ">=0.2.0"
      },
      "peerDependenciesMeta": {
        "oxlint-tsgolint": {
          "optional": true
        }
      }
    },
    "node_modules/prettier": {
      "version": "3.9.5",
      "resolved": "https://registry.npmjs.org/prettier/-/prettier-3.9.5.tgz",
      "integrity": "sha512-/FVl766LpUfB5vXgCYOYa0MeV/441Ia99AeICQIQFTY/Nw0roZwULcXpku5i1/m5kt/baz+s4Zogspd839HSMg==",
      "dev": true,
      "license": "MIT",
      "bin": {
        "prettier": "bin/prettier.cjs"
      },
      "engines": {
        "node": ">=14"
      },
      "funding": {
        "url": "https://github.com/prettier/prettier?sponsor=1"
      }
    }
  }
}
